// !$*UTF8*$!
{
	archiveVersion = 1;
	classes = {
	};
	objectVersion = 50;
	objects = {

/* Begin PBXBuildFile section */
		34B3ACE725DFF5750048DD72 /* MoodUpApp.swift in Sources */ = {isa = PBXBuildFile; fileRef = 34B3ACE625DFF5750048DD72 /* MoodUpApp.swift */; };
		34B3ACE925DFF5750048DD72 /* ContentView.swift in Sources */ = {isa = PBXBuildFile; fileRef = 34B3ACE825DFF5750048DD72 /* ContentView.swift */; };
		34B3ACEB25DFF5760048DD72 /* Assets.xcassets in Resources */ = {isa = PBXBuildFile; fileRef = 34B3ACEA25DFF5760048DD72 /* Assets.xcassets */; };
		34B3ACEE25DFF5760048DD72 /* Preview Assets.xcassets in Resources */ = {isa = PBXBuildFile; fileRef = 34B3ACED25DFF5760048DD72 /* Preview Assets.xcassets */; };
		34B3ACFC25E02F440048DD72 /* MoodUp.xcdatamodeld in Sources */ = {isa = PBXBuildFile; fileRef = 34B3ACFA25E02F440048DD72 /* MoodUp.xcdatamodeld */; };
		34B3AD0225E033880048DD72 /* MoodType.swift in Sources */ = {isa = PBXBuildFile; fileRef = 34B3AD0125E033880048DD72 /* MoodType.swift */; };
		34B3AD0625E034000048DD72 /* MoodEntry.swift in Sources */ = {isa = PBXBuildFile; fileRef = 34B3AD0525E034000048DD72 /* MoodEntry.swift */; };
		34B3AD0925E034380048DD72 /* MoodCategory.swift in Sources */ = {isa = PBXBuildFile; fileRef = 34B3AD0825E034380048DD72 /* MoodCategory.swift */; };
		34B3AD0C25E035200048DD72 /* MoodEntry+CoreData.swift in Sources */ = {isa = PBXBuildFile; fileRef = 34B3AD0B25E035200048DD72 /* MoodEntry+CoreData.swift */; };
/* End PBXBuildFile section */

/* Begin PBXFileReference section */
		34B3ACE325DFF5750048DD72 /* MoodUp.app */ = {isa = PBXFileReference; explicitFileType = wrapper.application; includeInIndex = 0; path = MoodUp.app; sourceTree = BUILT_PRODUCTS_DIR; };
		34B3ACE625DFF5750048DD72 /* MoodUpApp.swift */ = {isa = PBXFileReference; lastKnownFileType = sourcecode.swift; path = MoodUpApp.swift; sourceTree = "<group>"; };
		34B3ACE825DFF5750048DD72 /* ContentView.swift */ = {isa = PBXFileReference; lastKnownFileType = sourcecode.swift; path = ContentView.swift; sourceTree = "<group>"; };
		34B3ACEA25DFF5760048DD72 /* Assets.xcassets */ = {isa = PBXFileReference; lastKnownFileType = folder.assetcatalog; path = Assets.xcassets; sourceTree = "<group>"; };
		34B3ACED25DFF5760048DD72 /* Preview Assets.xcassets */ = {isa = PBXFileReference; lastKnownFileType = folder.assetcatalog; path = "Preview Assets.xcassets"; sourceTree = "<group>"; };
		34B3ACEF25DFF5760048DD72 /* Info.plist */ = {isa = PBXFileReference; lastKnownFileType = text.plist.xml; path = Info.plist; sourceTree = "<group>"; };
		34B3ACFB25E02F440048DD72 /* MoodUp.xcdatamodel */ = {isa = PBXFileReference; lastKnownFileType = wrapper.xcdatamodel; path = MoodUp.xcdatamodel; sourceTree = "<group>"; };
		34B3AD0125E033880048DD72 /* MoodType.swift */ = {isa = PBXFileReference; lastKnownFileType = sourcecode.swift; path = MoodType.swift; sourceTree = "<group>"; };
		34B3AD0525E034000048DD72 /* MoodEntry.swift */ = {isa = PBXFileReference; lastKnownFileType = sourcecode.swift; path = MoodEntry.swift; sourceTree = "<group>"; };
		34B3AD0825E034380048DD72 /* MoodCategory.swift */ = {isa = PBXFileReference; lastKnownFileType = sourcecode.swift; path = MoodCategory.swift; sourceTree = "<group>"; };
		34B3AD0B25E035200048DD72 /* MoodEntry+CoreData.swift */ = {isa = PBXFileReference; lastKnownFileType = sourcecode.swift; path = "MoodEntry+CoreData.swift"; sourceTree = "<group>"; };
/* End PBXFileReference section */

/* Begin PBXFrameworksBuildPhase section */
		34B3ACE025DFF5750048DD72 /* Frameworks */ = {
			isa = PBXFrameworksBuildPhase;
			buildActionMask = 2147483647;
			files = (
			);
			runOnlyForDeploymentPostprocessing = 0;
		};
/* End PBXFrameworksBuildPhase section */

/* Begin PBXGroup section */
		34B3ACDA25DFF5750048DD72 = {
			isa = PBXGroup;
			children = (
				34B3ACE525DFF5750048DD72 /* MoodUp */,
				34B3ACE425DFF5750048DD72 /* Products */,
			);
			sourceTree = "<group>";
		};
		34B3ACE425DFF5750048DD72 /* Products */ = {
			isa = PBXGroup;
			children = (
				34B3ACE325DFF5750048DD72 /* MoodUp.app */,
			);
			name = Products;
			sourceTree = "<group>";
		};
		34B3ACE525DFF5750048DD72 /* MoodUp */ = {
			isa = PBXGroup;
			children = (
				34B3ACFE25E0305A0048DD72 /* Global */,
				34B3ACF725E02E7B0048DD72 /* CoreData */,
				34B3ACF625E02E720048DD72 /* Features */,
				34B3ACE625DFF5750048DD72 /* MoodUpApp.swift */,
				34B3ACE825DFF5750048DD72 /* ContentView.swift */,
				34B3ACEA25DFF5760048DD72 /* Assets.xcassets */,
				34B3ACEF25DFF5760048DD72 /* Info.plist */,
				34B3ACEC25DFF5760048DD72 /* Preview Content */,
			);
			path = MoodUp;
			sourceTree = "<group>";
		};
		34B3ACEC25DFF5760048DD72 /* Preview Content */ = {
			isa = PBXGroup;
			children = (
				34B3ACED25DFF5760048DD72 /* Preview Assets.xcassets */,
			);
			path = "Preview Content";
			sourceTree = "<group>";
		};
		34B3ACF625E02E720048DD72 /* Features */ = {
			isa = PBXGroup;
			children = (
				34B3ACF925E02ECB0048DD72 /* NewEntry */,
				34B3ACF825E02EC60048DD72 /* Timeline */,
			);
			path = Features;
			sourceTree = "<group>";
		};
		34B3ACF725E02E7B0048DD72 /* CoreData */ = {
			isa = PBXGroup;
			children = (
				34B3ACFA25E02F440048DD72 /* MoodUp.xcdatamodeld */,
			);
			path = CoreData;
			sourceTree = "<group>";
		};
		34B3ACF825E02EC60048DD72 /* Timeline */ = {
			isa = PBXGroup;
			children = (
			);
			path = Timeline;
			sourceTree = "<group>";
		};
		34B3ACF925E02ECB0048DD72 /* NewEntry */ = {
			isa = PBXGroup;
			children = (
			);
			path = NewEntry;
			sourceTree = "<group>";
		};
		34B3ACFE25E0305A0048DD72 /* Global */ = {
			isa = PBXGroup;
			children = (
				34B3AD0025E033340048DD72 /* Model */,
			);
			path = Global;
			sourceTree = "<group>";
		};
		34B3AD0025E033340048DD72 /* Model */ = {
			isa = PBXGroup;
			children = (
				34B3AD0125E033880048DD72 /* MoodType.swift */,
				34B3AD0525E034000048DD72 /* MoodEntry.swift */,
				34B3AD0825E034380048DD72 /* MoodCategory.swift */,
				34B3AD0B25E035200048DD72 /* MoodEntry+CoreData.swift */,
			);
			path = Model;
			sourceTree = "<group>";
		};
/* End PBXGroup section */

/* Begin PBXNativeTarget section */
		34B3ACE225DFF5750048DD72 /* MoodUp */ = {
			isa = PBXNativeTarget;
			buildConfigurationList = 34B3ACF225DFF5760048DD72 /* Build configuration list for PBXNativeTarget "MoodUp" */;
			buildPhases = (
				34B3ACDF25DFF5750048DD72 /* Sources */,
				34B3ACE025DFF5750048DD72 /* Frameworks */,
				34B3ACE125DFF5750048DD72 /* Resources */,
			);
			buildRules = (
			);
			dependencies = (
			);
			name = MoodUp;
			productName = MoodUp;
			productReference = 34B3ACE325DFF5750048DD72 /* MoodUp.app */;
			productType = "com.apple.product-type.application";
		};
/* End PBXNativeTarget section */

/* Begin PBXProject section */
		34B3ACDB25DFF5750048DD72 /* Project object */ = {
			isa = PBXProject;
			attributes = {
				LastSwiftUpdateCheck = 1240;
				LastUpgradeCheck = 1240;
				TargetAttributes = {
					34B3ACE225DFF5750048DD72 = {
						CreatedOnToolsVersion = 12.4;
					};
				};
			};
			buildConfigurationList = 34B3ACDE25DFF5750048DD72 /* Build configuration list for PBXProject "MoodUp" */;
			compatibilityVersion = "Xcode 9.3";
			developmentRegion = en;
			hasScannedForEncodings = 0;
			knownRegions = (
				en,
				Base,
			);
			mainGroup = 34B3ACDA25DFF5750048DD72;
			productRefGroup = 34B3ACE425DFF5750048DD72 /* Products */;
			projectDirPath = "";
			projectRoot = "";
			targets = (
				34B3ACE225DFF5750048DD72 /* MoodUp */,
			);
		};
/* End PBXProject section */

/* Begin PBXResourcesBuildPhase section */
		34B3ACE125DFF5750048DD72 /* Resources */ = {
			isa = PBXResourcesBuildPhase;
			buildActionMask = 2147483647;
			files = (
				34B3ACEE25DFF5760048DD72 /* Preview Assets.xcassets in Resources */,
				34B3ACEB25DFF5760048DD72 /* Assets.xcassets in Resources */,
			);
			runOnlyForDeploymentPostprocessing = 0;
		};
/* End PBXResourcesBuildPhase section */

/* Begin PBXSourcesBuildPhase section */
		34B3ACDF25DFF5750048DD72 /* Sources */ = {
			isa = PBXSourcesBuildPhase;
			buildActionMask = 2147483647;
			files = (
				34B3AD0925E034380048DD72 /* MoodCategory.swift in Sources */,
				34B3ACFC25E02F440048DD72 /* MoodUp.xcdatamodeld in Sources */,
				34B3ACE925DFF5750048DD72 /* ContentView.swift in Sources */,
				34B3AD0625E034000048DD72 /* MoodEntry.swift in Sources */,
				34B3AD0C25E035200048DD72 /* MoodEntry+CoreData.swift in Sources */,
				34B3AD0225E033880048DD72 /* MoodType.swift in Sources */,
				34B3ACE725DFF5750048DD72 /* MoodUpApp.swift in Sources */,
			);
			runOnlyForDeploymentPostprocessing = 0;
		};
/* End PBXSourcesBuildPhase section */

/* Begin XCBuildConfiguration section */
		34B3ACF025DFF5760048DD72 /* Debug */ = {
			isa = XCBuildConfiguration;
			buildSettings = {
				ALWAYS_SEARCH_USER_PATHS = NO;
				CLANG_ANALYZER_NONNULL = YES;
				CLANG_ANALYZER_NUMBER_OBJECT_CONVERSION = YES_AGGRESSIVE;
				CLANG_CXX_LANGUAGE_STANDARD = "gnu++14";
				CLANG_CXX_LIBRARY = "libc++";
				CLANG_ENABLE_MODULES = YES;
				CLANG_ENABLE_OBJC_ARC = YES;
				CLANG_ENABLE_OBJC_WEAK = YES;
				CLANG_WARN_BLOCK_CAPTURE_AUTORELEASING = YES;
				CLANG_WARN_BOOL_CONVERSION = YES;
				CLANG_WARN_COMMA = YES;
				CLANG_WARN_CONSTANT_CONVERSION = YES;
				CLANG_WARN_DEPRECATED_OBJC_IMPLEMENTATIONS = YES;
				CLANG_WARN_DIRECT_OBJC_ISA_USAGE = YES_ERROR;
				CLANG_WARN_DOCUMENTATION_COMMENTS = YES;
				CLANG_WARN_EMPTY_BODY = YES;
				CLANG_WARN_ENUM_CONVERSION = YES;
				CLANG_WARN_INFINITE_RECURSION = YES;
				CLANG_WARN_INT_CONVERSION = YES;
				CLANG_WARN_NON_LITERAL_NULL_CONVERSION = YES;
				CLANG_WARN_OBJC_IMPLICIT_RETAIN_SELF = YES;
				CLANG_WARN_OBJC_LITERAL_CONVERSION = YES;
				CLANG_WARN_OBJC_ROOT_CLASS = YES_ERROR;
				CLANG_WARN_QUOTED_INCLUDE_IN_FRAMEWORK_HEADER = YES;
				CLANG_WARN_RANGE_LOOP_ANALYSIS = YES;
				CLANG_WARN_STRICT_PROTOTYPES = YES;
				CLANG_WARN_SUSPICIOUS_MOVE = YES;
				CLANG_WARN_UNGUARDED_AVAILABILITY = YES_AGGRESSIVE;
				CLANG_WARN_UNREACHABLE_CODE = YES;
				CLANG_WARN__DUPLICATE_METHOD_MATCH = YES;
				COPY_PHASE_STRIP = NO;
				DEBUG_INFORMATION_FORMAT = dwarf;
				ENABLE_STRICT_OBJC_MSGSEND = YES;
				ENABLE_TESTABILITY = YES;
				GCC_C_LANGUAGE_STANDARD = gnu11;
				GCC_DYNAMIC_NO_PIC = NO;
				GCC_NO_COMMON_BLOCKS = YES;
				GCC_OPTIMIZATION_LEVEL = 0;
				GCC_PREPROCESSOR_DEFINITIONS = (
					"DEBUG=1",
					"$(inherited)",
				);
				GCC_WARN_64_TO_32_BIT_CONVERSION = YES;
				GCC_WARN_ABOUT_RETURN_TYPE = YES_ERROR;
				GCC_WARN_UNDECLARED_SELECTOR = YES;
				GCC_WARN_UNINITIALIZED_AUTOS = YES_AGGRESSIVE;
				GCC_WARN_UNUSED_FUNCTION = YES;
				GCC_WARN_UNUSED_VARIABLE = YES;
				IPHONEOS_DEPLOYMENT_TARGET = 14.4;
				MTL_ENABLE_DEBUG_INFO = INCLUDE_SOURCE;
				MTL_FAST_MATH = YES;
				ONLY_ACTIVE_ARCH = YES;
				SDKROOT = iphoneos;
				SWIFT_ACTIVE_COMPILATION_CONDITIONS = DEBUG;
				SWIFT_OPTIMIZATION_LEVEL = "-Onone";
			};
			name = Debug;
		};
		34B3ACF125DFF5760048DD72 /* Release */ = {
			isa = XCBuildConfiguration;
			buildSettings = {
				ALWAYS_SEARCH_USER_PATHS = NO;
				CLANG_ANALYZER_NONNULL = YES;
				CLANG_ANALYZER_NUMBER_OBJECT_CONVERSION = YES_AGGRESSIVE;
				CLANG_CXX_LANGUAGE_STANDARD = "gnu++14";
				CLANG_CXX_LIBRARY = "libc++";
				CLANG_ENABLE_MODULES = YES;
				CLANG_ENABLE_OBJC_ARC = YES;
				CLANG_ENABLE_OBJC_WEAK = YES;
				CLANG_WARN_BLOCK_CAPTURE_AUTORELEASING = YES;
				CLANG_WARN_BOOL_CONVERSION = YES;
				CLANG_WARN_COMMA = YES;
				CLANG_WARN_CONSTANT_CONVERSION = YES;
				CLANG_WARN_DEPRECATED_OBJC_IMPLEMENTATIONS = YES;
				CLANG_WARN_DIRECT_OBJC_ISA_USAGE = YES_ERROR;
				CLANG_WARN_DOCUMENTATION_COMMENTS = YES;
				CLANG_WARN_EMPTY_BODY = YES;
				CLANG_WARN_ENUM_CONVERSION = YES;
				CLANG_WARN_INFINITE_RECURSION = YES;
				CLANG_WARN_INT_CONVERSION = YES;
				CLANG_WARN_NON_LITERAL_NULL_CONVERSION = YES;
				CLANG_WARN_OBJC_IMPLICIT_RETAIN_SELF = YES;
				CLANG_WARN_OBJC_LITERAL_CONVERSION = YES;
				CLANG_WARN_OBJC_ROOT_CLASS = YES_ERROR;
				CLANG_WARN_QUOTED_INCLUDE_IN_FRAMEWORK_HEADER = YES;
				CLANG_WARN_RANGE_LOOP_ANALYSIS = YES;
				CLANG_WARN_STRICT_PROTOTYPES = YES;
				CLANG_WARN_SUSPICIOUS_MOVE = YES;
				CLANG_WARN_UNGUARDED_AVAILABILITY = YES_AGGRESSIVE;
				CLANG_WARN_UNREACHABLE_CODE = YES;
				CLANG_WARN__DUPLICATE_METHOD_MATCH = YES;
				COPY_PHASE_STRIP = NO;
				DEBUG_INFORMATION_FORMAT = "dwarf-with-dsym";
				ENABLE_NS_ASSERTIONS = NO;
				ENABLE_STRICT_OBJC_MSGSEND = YES;
				GCC_C_LANGUAGE_STANDARD = gnu11;
				GCC_NO_COMMON_BLOCKS = YES;
				GCC_WARN_64_TO_32_BIT_CONVERSION = YES;
				GCC_WARN_ABOUT_RETURN_TYPE = YES_ERROR;
				GCC_WARN_UNDECLARED_SELECTOR = YES;
				GCC_WARN_UNINITIALIZED_AUTOS = YES_AGGRESSIVE;
				GCC_WARN_UNUSED_FUNCTION = YES;
				GCC_WARN_UNUSED_VARIABLE = YES;
				IPHONEOS_DEPLOYMENT_TARGET = 14.4;
				MTL_ENABLE_DEBUG_INFO = NO;
				MTL_FAST_MATH = YES;
				SDKROOT = iphoneos;
				SWIFT_COMPILATION_MODE = wholemodule;
				SWIFT_OPTIMIZATION_LEVEL = "-O";
				VALIDATE_PRODUCT = YES;
			};
			name = Release;
		};
		34B3ACF325DFF5760048DD72 /* Debug */ = {
			isa = XCBuildConfiguration;
			buildSettings = {
				ASSETCATALOG_COMPILER_APPICON_NAME = AppIcon;
				ASSETCATALOG_COMPILER_GLOBAL_ACCENT_COLOR_NAME = AccentColor;
				CODE_SIGN_STYLE = Automatic;
				DEVELOPMENT_ASSET_PATHS = "\"MoodUp/Preview Content\"";
				DEVELOPMENT_TEAM = 8XT4U75J9G;
				ENABLE_PREVIEWS = YES;
				INFOPLIST_FILE = MoodUp/Info.plist;
				IPHONEOS_DEPLOYMENT_TARGET = 14.0;
				LD_RUNPATH_SEARCH_PATHS = (
					"$(inherited)",
					"@executable_path/Frameworks",
				);
				PRODUCT_BUNDLE_IDENTIFIER = de.stepup.MoodUp;
				PRODUCT_NAME = "$(TARGET_NAME)";
				SWIFT_VERSION = 5.0;
				TARGETED_DEVICE_FAMILY = "1,2";
			};
			name = Debug;
		};
		34B3ACF425DFF5760048DD72 /* Release */ = {
			isa = XCBuildConfiguration;
			buildSettings = {
				ASSETCATALOG_COMPILER_APPICON_NAME = AppIcon;
				ASSETCATALOG_COMPILER_GLOBAL_ACCENT_COLOR_NAME = AccentColor;
				CODE_SIGN_STYLE = Automatic;
				DEVELOPMENT_ASSET_PATHS = "\"MoodUp/Preview Content\"";
				DEVELOPMENT_TEAM = 8XT4U75J9G;
				ENABLE_PREVIEWS = YES;
				INFOPLIST_FILE = MoodUp/Info.plist;
				IPHONEOS_DEPLOYMENT_TARGET = 14.0;
				LD_RUNPATH_SEARCH_PATHS = (
					"$(inherited)",
					"@executable_path/Frameworks",
				);
				PRODUCT_BUNDLE_IDENTIFIER = de.stepup.MoodUp;
				PRODUCT_NAME = "$(TARGET_NAME)";
				SWIFT_VERSION = 5.0;
				TARGETED_DEVICE_FAMILY = "1,2";
			};
			name = Release;
		};
/* End XCBuildConfiguration section */

/* Begin XCConfigurationList section */
		34B3ACDE25DFF5750048DD72 /* Build configuration list for PBXProject "MoodUp" */ = {
			isa = XCConfigurationList;
			buildConfigurations = (
				34B3ACF025DFF5760048DD72 /* Debug */,
				34B3ACF125DFF5760048DD72 /* Release */,
			);
			defaultConfigurationIsVisible = 0;
			defaultConfigurationName = Release;
		};
		34B3ACF225DFF5760048DD72 /* Build configuration list for PBXNativeTarget "MoodUp" */ = {
			isa = XCConfigurationList;
			buildConfigurations = (
				34B3ACF325DFF5760048DD72 /* Debug */,
				34B3ACF425DFF5760048DD72 /* Release */,
			);
			defaultConfigurationIsVisible = 0;
			defaultConfigurationName = Release;
		};
/* End XCConfigurationList section */

/* Begin XCVersionGroup section */
		34B3ACFA25E02F440048DD72 /* MoodUp.xcdatamodeld */ = {
			isa = XCVersionGroup;
			children = (
				34B3ACFB25E02F440048DD72 /* MoodUp.xcdatamodel */,
			);
			currentVersion = 34B3ACFB25E02F440048DD72 /* MoodUp.xcdatamodel */;
			path = MoodUp.xcdatamodeld;
			sourceTree = "<group>";
			versionGroupType = wrapper.xcdatamodel;
		};
/* End XCVersionGroup section */
	};
	rootObject = 34B3ACDB25DFF5750048DD72 /* Project object */;
}
